// !$*UTF8*$!
{
	archiveVersion = 1;
	classes = {
	};
	objectVersion = 50;
	objects = {

/* Begin PBXBuildFile section */
		CE11EA0822F1DBC0002E8F1F /* Breed.swift in Sources */ = {isa = PBXBuildFile; fileRef = CE11EA0722F1DBBF002E8F1F /* Breed.swift */; };
		CE1208EC22F0399200E969F7 /* AppDelegate.swift in Sources */ = {isa = PBXBuildFile; fileRef = CE1208EB22F0399200E969F7 /* AppDelegate.swift */; };
		CE1208EE22F0399200E969F7 /* ViewController.swift in Sources */ = {isa = PBXBuildFile; fileRef = CE1208ED22F0399200E969F7 /* ViewController.swift */; };
		CE1208F122F0399200E969F7 /* Main.storyboard in Resources */ = {isa = PBXBuildFile; fileRef = CE1208EF22F0399200E969F7 /* Main.storyboard */; };
		CE1208F322F0399400E969F7 /* Assets.xcassets in Resources */ = {isa = PBXBuildFile; fileRef = CE1208F222F0399400E969F7 /* Assets.xcassets */; };
		CE1208F622F0399400E969F7 /* LaunchScreen.storyboard in Resources */ = {isa = PBXBuildFile; fileRef = CE1208F422F0399400E969F7 /* LaunchScreen.storyboard */; };
		CE12090122F03B8200E969F7 /* DogAPI.swift in Sources */ = {isa = PBXBuildFile; fileRef = CE12090022F03B8200E969F7 /* DogAPI.swift */; };
		CE12090322F06D2E00E969F7 /* DogImage.swift in Sources */ = {isa = PBXBuildFile; fileRef = CE12090222F06D2E00E969F7 /* DogImage.swift */; };
/* End PBXBuildFile section */

/* Begin PBXFileReference section */
		CE11EA0722F1DBBF002E8F1F /* Breed.swift */ = {isa = PBXFileReference; lastKnownFileType = sourcecode.swift; path = Breed.swift; sourceTree = "<group>"; };
		CE1208E822F0399200E969F7 /* RanDog.app */ = {isa = PBXFileReference; explicitFileType = wrapper.application; includeInIndex = 0; path = RanDog.app; sourceTree = BUILT_PRODUCTS_DIR; };
		CE1208EB22F0399200E969F7 /* AppDelegate.swift */ = {isa = PBXFileReference; lastKnownFileType = sourcecode.swift; path = AppDelegate.swift; sourceTree = "<group>"; };
		CE1208ED22F0399200E969F7 /* ViewController.swift */ = {isa = PBXFileReference; lastKnownFileType = sourcecode.swift; path = ViewController.swift; sourceTree = "<group>"; };
		CE1208F022F0399200E969F7 /* Base */ = {isa = PBXFileReference; lastKnownFileType = file.storyboard; name = Base; path = Base.lproj/Main.storyboard; sourceTree = "<group>"; };
		CE1208F222F0399400E969F7 /* Assets.xcassets */ = {isa = PBXFileReference; lastKnownFileType = folder.assetcatalog; path = Assets.xcassets; sourceTree = "<group>"; };
		CE1208F522F0399400E969F7 /* Base */ = {isa = PBXFileReference; lastKnownFileType = file.storyboard; name = Base; path = Base.lproj/LaunchScreen.storyboard; sourceTree = "<group>"; };
		CE1208F722F0399400E969F7 /* Info.plist */ = {isa = PBXFileReference; lastKnownFileType = text.plist.xml; path = Info.plist; sourceTree = "<group>"; };
		CE12090022F03B8200E969F7 /* DogAPI.swift */ = {isa = PBXFileReference; lastKnownFileType = sourcecode.swift; path = DogAPI.swift; sourceTree = "<group>"; };
		CE12090222F06D2E00E969F7 /* DogImage.swift */ = {isa = PBXFileReference; lastKnownFileType = sourcecode.swift; path = DogImage.swift; sourceTree = "<group>"; };
/* End PBXFileReference section */

/* Begin PBXFrameworksBuildPhase section */
		CE1208E522F0399200E969F7 /* Frameworks */ = {
			isa = PBXFrameworksBuildPhase;
			buildActionMask = 2147483647;
			files = (
			);
			runOnlyForDeploymentPostprocessing = 0;
		};
/* End PBXFrameworksBuildPhase section */

/* Begin PBXGroup section */
		CE1208DF22F0399200E969F7 = {
			isa = PBXGroup;
			children = (
				CE1208EA22F0399200E969F7 /* RanDog */,
				CE1208E922F0399200E969F7 /* Products */,
			);
			sourceTree = "<group>";
		};
		CE1208E922F0399200E969F7 /* Products */ = {
			isa = PBXGroup;
			children = (
				CE1208E822F0399200E969F7 /* RanDog.app */,
			);
			name = Products;
			sourceTree = "<group>";
		};
		CE1208EA22F0399200E969F7 /* RanDog */ = {
			isa = PBXGroup;
			children = (
				CE1208FF22F03B5D00E969F7 /* Model */,
				CE1208FE22F039CA00E969F7 /* Controller */,
				CE1208FD22F039B300E969F7 /* View */,
				CE1208F722F0399400E969F7 /* Info.plist */,
			);
			path = RanDog;
			sourceTree = "<group>";
		};
		CE1208FD22F039B300E969F7 /* View */ = {
			isa = PBXGroup;
			children = (
				CE1208EF22F0399200E969F7 /* Main.storyboard */,
				CE1208F222F0399400E969F7 /* Assets.xcassets */,
				CE1208F422F0399400E969F7 /* LaunchScreen.storyboard */,
			);
			path = View;
			sourceTree = "<group>";
		};
		CE1208FE22F039CA00E969F7 /* Controller */ = {
			isa = PBXGroup;
			children = (
				CE1208EB22F0399200E969F7 /* AppDelegate.swift */,
				CE1208ED22F0399200E969F7 /* ViewController.swift */,
			);
			path = Controller;
			sourceTree = "<group>";
		};
		CE1208FF22F03B5D00E969F7 /* Model */ = {
			isa = PBXGroup;
			children = (
				CE12090022F03B8200E969F7 /* DogAPI.swift */,
				CE12090222F06D2E00E969F7 /* DogImage.swift */,
				CE11EA0722F1DBBF002E8F1F /* Breed.swift */,
			);
			path = Model;
			sourceTree = "<group>";
		};
/* End PBXGroup section */

/* Begin PBXNativeTarget section */
		CE1208E722F0399200E969F7 /* RanDog */ = {
			isa = PBXNativeTarget;
			buildConfigurationList = CE1208FA22F0399400E969F7 /* Build configuration list for PBXNativeTarget "RanDog" */;
			buildPhases = (
				CE1208E422F0399200E969F7 /* Sources */,
				CE1208E522F0399200E969F7 /* Frameworks */,
				CE1208E622F0399200E969F7 /* Resources */,
			);
			buildRules = (
			);
			dependencies = (
			);
			name = RanDog;
			productName = RanDog;
			productReference = CE1208E822F0399200E969F7 /* RanDog.app */;
			productType = "com.apple.product-type.application";
		};
/* End PBXNativeTarget section */

/* Begin PBXProject section */
		CE1208E022F0399200E969F7 /* Project object */ = {
			isa = PBXProject;
			attributes = {
				LastSwiftUpdateCheck = 1020;
				LastUpgradeCheck = 1020;
				ORGANIZATIONNAME = "Sean Williams";
				TargetAttributes = {
					CE1208E722F0399200E969F7 = {
						CreatedOnToolsVersion = 10.2.1;
					};
				};
			};
			buildConfigurationList = CE1208E322F0399200E969F7 /* Build configuration list for PBXProject "RanDog" */;
			compatibilityVersion = "Xcode 9.3";
			developmentRegion = en;
			hasScannedForEncodings = 0;
			knownRegions = (
				en,
				Base,
			);
			mainGroup = CE1208DF22F0399200E969F7;
			productRefGroup = CE1208E922F0399200E969F7 /* Products */;
			projectDirPath = "";
			projectRoot = "";
			targets = (
				CE1208E722F0399200E969F7 /* RanDog */,
			);
		};
/* End PBXProject section */

/* Begin PBXResourcesBuildPhase section */
		CE1208E622F0399200E969F7 /* Resources */ = {
			isa = PBXResourcesBuildPhase;
			buildActionMask = 2147483647;
			files = (
				CE1208F622F0399400E969F7 /* LaunchScreen.storyboard in Resources */,
				CE1208F322F0399400E969F7 /* Assets.xcassets in Resources */,
				CE1208F122F0399200E969F7 /* Main.storyboard in Resources */,
			);
			runOnlyForDeploymentPostprocessing = 0;
		};
/* End PBXResourcesBuildPhase section */

/* Begin PBXSourcesBuildPhase section */
		CE1208E422F0399200E969F7 /* Sources */ = {
			isa = PBXSourcesBuildPhase;
			buildActionMask = 2147483647;
			files = (
				CE1208EE22F0399200E969F7 /* ViewController.swift in Sources */,
				CE1208EC22F0399200E969F7 /* AppDelegate.swift in Sources */,
				CE12090322F06D2E00E969F7 /* DogImage.swift in Sources */,
				CE11EA0822F1DBC0002E8F1F /* Breed.swift in Sources */,
				CE12090122F03B8200E969F7 /* DogAPI.swift in Sources */,
			);
			runOnlyForDeploymentPostprocessing = 0;
		};
/* End PBXSourcesBuildPhase section */

/* Begin PBXVariantGroup section */
		CE1208EF22F0399200E969F7 /* Main.storyboard */ = {
			isa = PBXVariantGroup;
			children = (
				CE1208F022F0399200E969F7 /* Base */,
			);
			name = Main.storyboard;
			sourceTree = "<group>";
		};
		CE1208F422F0399400E969F7 /* LaunchScreen.storyboard */ = {
			isa = PBXVariantGroup;
			children = (
				CE1208F522F0399400E969F7 /* Base */,
			);
			name = LaunchScreen.storyboard;
			sourceTree = "<group>";
		};
/* End PBXVariantGroup section */

/* Begin XCBuildConfiguration section */
		CE1208F822F0399400E969F7 /* Debug */ = {
			isa = XCBuildConfiguration;
			buildSettings = {
				ALWAYS_SEARCH_USER_PATHS = NO;
				CLANG_ANALYZER_NONNULL = YES;
				CLANG_ANALYZER_NUMBER_OBJECT_CONVERSION = YES_AGGRESSIVE;
				CLANG_CXX_LANGUAGE_STANDARD = "gnu++14";
				CLANG_CXX_LIBRARY = "libc++";
				CLANG_ENABLE_MODULES = YES;
				CLANG_ENABLE_OBJC_ARC = YES;
				CLANG_ENABLE_OBJC_WEAK = YES;
				CLANG_WARN_BLOCK_CAPTURE_AUTORELEASING = YES;
				CLANG_WARN_BOOL_CONVERSION = YES;
				CLANG_WARN_COMMA = YES;
				CLANG_WARN_CONSTANT_CONVERSION = YES;
				CLANG_WARN_DEPRECATED_OBJC_IMPLEMENTATIONS = YES;
				CLANG_WARN_DIRECT_OBJC_ISA_USAGE = YES_ERROR;
				CLANG_WARN_DOCUMENTATION_COMMENTS = YES;
				CLANG_WARN_EMPTY_BODY = YES;
				CLANG_WARN_ENUM_CONVERSION = YES;
				CLANG_WARN_INFINITE_RECURSION = YES;
				CLANG_WARN_INT_CONVERSION = YES;
				CLANG_WARN_NON_LITERAL_NULL_CONVERSION = YES;
				CLANG_WARN_OBJC_IMPLICIT_RETAIN_SELF = YES;
				CLANG_WARN_OBJC_LITERAL_CONVERSION = YES;
				CLANG_WARN_OBJC_ROOT_CLASS = YES_ERROR;
				CLANG_WARN_RANGE_LOOP_ANALYSIS = YES;
				CLANG_WARN_STRICT_PROTOTYPES = YES;
				CLANG_WARN_SUSPICIOUS_MOVE = YES;
				CLANG_WARN_UNGUARDED_AVAILABILITY = YES_AGGRESSIVE;
				CLANG_WARN_UNREACHABLE_CODE = YES;
				CLANG_WARN__DUPLICATE_METHOD_MATCH = YES;
				CODE_SIGN_IDENTITY = "iPhone Developer";
				COPY_PHASE_STRIP = NO;
				DEBUG_INFORMATION_FORMAT = dwarf;
				ENABLE_STRICT_OBJC_MSGSEND = YES;
				ENABLE_TESTABILITY = YES;
				GCC_C_LANGUAGE_STANDARD = gnu11;
				GCC_DYNAMIC_NO_PIC = NO;
				GCC_NO_COMMON_BLOCKS = YES;
				GCC_OPTIMIZATION_LEVEL = 0;
				GCC_PREPROCESSOR_DEFINITIONS = (
					"DEBUG=1",
					"$(inherited)",
				);
				GCC_WARN_64_TO_32_BIT_CONVERSION = YES;
				GCC_WARN_ABOUT_RETURN_TYPE = YES_ERROR;
				GCC_WARN_UNDECLARED_SELECTOR = YES;
				GCC_WARN_UNINITIALIZED_AUTOS = YES_AGGRESSIVE;
				GCC_WARN_UNUSED_FUNCTION = YES;
				GCC_WARN_UNUSED_VARIABLE = YES;
				IPHONEOS_DEPLOYMENT_TARGET = 12.2;
				MTL_ENABLE_DEBUG_INFO = INCLUDE_SOURCE;
				MTL_FAST_MATH = YES;
				ONLY_ACTIVE_ARCH = YES;
				SDKROOT = iphoneos;
				SWIFT_ACTIVE_COMPILATION_CONDITIONS = DEBUG;
				SWIFT_OPTIMIZATION_LEVEL = "-Onone";
			};
			name = Debug;
		};
		CE1208F922F0399400E969F7 /* Release */ = {
			isa = XCBuildConfiguration;
			buildSettings = {
				ALWAYS_SEARCH_USER_PATHS = NO;
				CLANG_ANALYZER_NONNULL = YES;
				CLANG_ANALYZER_NUMBER_OBJECT_CONVERSION = YES_AGGRESSIVE;
				CLANG_CXX_LANGUAGE_STANDARD = "gnu++14";
				CLANG_CXX_LIBRARY = "libc++";
				CLANG_ENABLE_MODULES = YES;
				CLANG_ENABLE_OBJC_ARC = YES;
				CLANG_ENABLE_OBJC_WEAK = YES;
				CLANG_WARN_BLOCK_CAPTURE_AUTORELEASING = YES;
				CLANG_WARN_BOOL_CONVERSION = YES;
				CLANG_WARN_COMMA = YES;
				CLANG_WARN_CONSTANT_CONVERSION = YES;
				CLANG_WARN_DEPRECATED_OBJC_IMPLEMENTATIONS = YES;
				CLANG_WARN_DIRECT_OBJC_ISA_USAGE = YES_ERROR;
				CLANG_WARN_DOCUMENTATION_COMMENTS = YES;
				CLANG_WARN_EMPTY_BODY = YES;
				CLANG_WARN_ENUM_CONVERSION = YES;
				CLANG_WARN_INFINITE_RECURSION = YES;
				CLANG_WARN_INT_CONVERSION = YES;
				CLANG_WARN_NON_LITERAL_NULL_CONVERSION = YES;
				CLANG_WARN_OBJC_IMPLICIT_RETAIN_SELF = YES;
				CLANG_WARN_OBJC_LITERAL_CONVERSION = YES;
				CLANG_WARN_OBJC_ROOT_CLASS = YES_ERROR;
				CLANG_WARN_RANGE_LOOP_ANALYSIS = YES;
				CLANG_WARN_STRICT_PROTOTYPES = YES;
				CLANG_WARN_SUSPICIOUS_MOVE = YES;
				CLANG_WARN_UNGUARDED_AVAILABILITY = YES_AGGRESSIVE;
				CLANG_WARN_UNREACHABLE_CODE = YES;
				CLANG_WARN__DUPLICATE_METHOD_MATCH = YES;
				CODE_SIGN_IDENTITY = "iPhone Developer";
				COPY_PHASE_STRIP = NO;
				DEBUG_INFORMATION_FORMAT = "dwarf-with-dsym";
				ENABLE_NS_ASSERTIONS = NO;
				ENABLE_STRICT_OBJC_MSGSEND = YES;
				GCC_C_LANGUAGE_STANDARD = gnu11;
				GCC_NO_COMMON_BLOCKS = YES;
				GCC_WARN_64_TO_32_BIT_CONVERSION = YES;
				GCC_WARN_ABOUT_RETURN_TYPE = YES_ERROR;
				GCC_WARN_UNDECLARED_SELECTOR = YES;
				GCC_WARN_UNINITIALIZED_AUTOS = YES_AGGRESSIVE;
				GCC_WARN_UNUSED_FUNCTION = YES;
				GCC_WARN_UNUSED_VARIABLE = YES;
				IPHONEOS_DEPLOYMENT_TARGET = 12.2;
				MTL_ENABLE_DEBUG_INFO = NO;
				MTL_FAST_MATH = YES;
				SDKROOT = iphoneos;
				SWIFT_COMPILATION_MODE = wholemodule;
				SWIFT_OPTIMIZATION_LEVEL = "-O";
				VALIDATE_PRODUCT = YES;
			};
			name = Release;
		};
		CE1208FB22F0399400E969F7 /* Debug */ = {
			isa = XCBuildConfiguration;
			buildSettings = {
				ASSETCATALOG_COMPILER_APPICON_NAME = AppIcon;
				CODE_SIGN_STYLE = Automatic;
				DEVELOPMENT_TEAM = DN4729AK8V;
				INFOPLIST_FILE = RanDog/Info.plist;
				LD_RUNPATH_SEARCH_PATHS = (
					"$(inherited)",
					"@executable_path/Frameworks",
				);
				PRODUCT_BUNDLE_IDENTIFIER = com.seanwilliams.RanDog;
				PRODUCT_NAME = "$(TARGET_NAME)";
				SWIFT_VERSION = 5.0;
				TARGETED_DEVICE_FAMILY = "1,2";
			};
			name = Debug;
		};
		CE1208FC22F0399400E969F7 /* Release */ = {
			isa = XCBuildConfiguration;
			buildSettings = {
				ASSETCATALOG_COMPILER_APPICON_NAME = AppIcon;
				CODE_SIGN_STYLE = Automatic;
				DEVELOPMENT_TEAM = DN4729AK8V;
				INFOPLIST_FILE = RanDog/Info.plist;
				LD_RUNPATH_SEARCH_PATHS = (
					"$(inherited)",
					"@executable_path/Frameworks",
				);
				PRODUCT_BUNDLE_IDENTIFIER = com.seanwilliams.RanDog;
				PRODUCT_NAME = "$(TARGET_NAME)";
				SWIFT_VERSION = 5.0;
				TARGETED_DEVICE_FAMILY = "1,2";
			};
			name = Release;
		};
/* End XCBuildConfiguration section */

/* Begin XCConfigurationList section */
		CE1208E322F0399200E969F7 /* Build configuration list for PBXProject "RanDog" */ = {
			isa = XCConfigurationList;
			buildConfigurations = (
				CE1208F822F0399400E969F7 /* Debug */,
				CE1208F922F0399400E969F7 /* Release */,
			);
			defaultConfigurationIsVisible = 0;
			defaultConfigurationName = Release;
		};
		CE1208FA22F0399400E969F7 /* Build configuration list for PBXNativeTarget "RanDog" */ = {
			isa = XCConfigurationList;
			buildConfigurations = (
				CE1208FB22F0399400E969F7 /* Debug */,
				CE1208FC22F0399400E969F7 /* Release */,
			);
			defaultConfigurationIsVisible = 0;
			defaultConfigurationName = Release;
		};
/* End XCConfigurationList section */
	};
	rootObject = CE1208E022F0399200E969F7 /* Project object */;
}
